lockfileVersion: '9.0'

settings:
  autoInstallPeers: true
  excludeLinksFromLockfile: false

importers:

  .:
    dependencies:
      next:
        specifier: 14.2.5
        version: 14.2.5(react-dom@18.3.1(react@18.3.1))(react@18.3.1)
      react:
        specifier: 18.3.1
        version: 18.3.1
      react-dom:
        specifier: 18.3.1
        version: 18.3.1(react@18.3.1)
      socket.io-client:
        specifier: ^4.7.5
        version: 4.8.1
    devDependencies:
      '@tailwindcss/postcss':
        specifier: ^4.1.14
        version: 4.1.14
      '@types/node':
        specifier: ^20.11.30
        version: 20.19.21
      '@types/react':
        specifier: ^18.2.66
        version: 18.3.26
      '@types/react-dom':
        specifier: ^18.2.22
        version: 18.3.7(@types/react@18.3.26)
      autoprefixer:
        specifier: ^10.4.21
        version: 10.4.21(postcss@8.5.6)
      postcss:
        specifier: ^8.5.6
        version: 8.5.6
      tailwindcss:
        specifier: ^4.1.14
        version: 4.1.14
      typescript:
        specifier: ^5.6.3
        version: 5.9.3

packages:

  '@alloc/quick-lru@5.2.0':
    resolution: {integrity: sha512-UrcABB+4bUrFABwbluTIBErXwvbsU/V7TZWfmbgJfbkwiBuziS9gxdODUyuiecfdGQ85jglMW6juS3+z5TsKLw==}
    engines: {node: '>=10'}

  '@isaacs/fs-minipass@4.0.1':
    resolution: {integrity: sha512-wgm9Ehl2jpeqP3zw/7mo3kRHFp5MEDhqAdwy1fTGkHAwnkGOVsgpvQhL8B5n1qlb01jV3n/bI0ZfZp5lWA1k4w==}
    engines: {node: '>=18.0.0'}

  '@jridgewell/gen-mapping@0.3.13':
    resolution: {integrity: sha512-2kkt/7niJ6MgEPxF0bYdQ6etZaA+fQvDcLKckhy1yIQOzaoKjBBjSj63/aLVjYE3qhRt5dvM+uUyfCg6UKCBbA==}

  '@jridgewell/remapping@2.3.5':
    resolution: {integrity: sha512-LI9u/+laYG4Ds1TDKSJW2YPrIlcVYOwi2fUC6xB43lueCjgxV4lffOCZCtYFiH6TNOX+tQKXx97T4IKHbhyHEQ==}

  '@jridgewell/resolve-uri@3.1.2':
    resolution: {integrity: sha512-bRISgCIjP20/tbWSPWMEi54QVPRZExkuD9lJL+UIxUKtwVJA8wW1Trb1jMs1RFXo1CBTNZ/5hpC9QvmKWdopKw==}
    engines: {node: '>=6.0.0'}

  '@jridgewell/sourcemap-codec@1.5.5':
    resolution: {integrity: sha512-cYQ9310grqxueWbl+WuIUIaiUaDcj7WOq5fVhEljNVgRfOUhY9fy2zTvfoqWsnebh8Sl70VScFbICvJnLKB0Og==}

  '@jridgewell/trace-mapping@0.3.31':
    resolution: {integrity: sha512-zzNR+SdQSDJzc8joaeP8QQoCQr8NuYx2dIIytl1QeBEZHJ9uW6hebsrYgbz8hJwUQao3TWCMtmfV8Nu1twOLAw==}

  '@next/env@14.2.5':
    resolution: {integrity: sha512-/zZGkrTOsraVfYjGP8uM0p6r0BDT6xWpkjdVbcz66PJVSpwXX3yNiRycxAuDfBKGWBrZBXRuK/YVlkNgxHGwmA==}

  '@next/swc-darwin-arm64@14.2.5':
    resolution: {integrity: sha512-/9zVxJ+K9lrzSGli1///ujyRfon/ZneeZ+v4ptpiPoOU+GKZnm8Wj8ELWU1Pm7GHltYRBklmXMTUqM/DqQ99FQ==}
    engines: {node: '>= 10'}
    cpu: [arm64]
    os: [darwin]

  '@next/swc-darwin-x64@14.2.5':
    resolution: {integrity: sha512-vXHOPCwfDe9qLDuq7U1OYM2wUY+KQ4Ex6ozwsKxp26BlJ6XXbHleOUldenM67JRyBfVjv371oneEvYd3H2gNSA==}
    engines: {node: '>= 10'}
    cpu: [x64]
    os: [darwin]

  '@next/swc-linux-arm64-gnu@14.2.5':
    resolution: {integrity: sha512-vlhB8wI+lj8q1ExFW8lbWutA4M2ZazQNvMWuEDqZcuJJc78iUnLdPPunBPX8rC4IgT6lIx/adB+Cwrl99MzNaA==}
    engines: {node: '>= 10'}
    cpu: [arm64]
    os: [linux]

  '@next/swc-linux-arm64-musl@14.2.5':
    resolution: {integrity: sha512-NpDB9NUR2t0hXzJJwQSGu1IAOYybsfeB+LxpGsXrRIb7QOrYmidJz3shzY8cM6+rO4Aojuef0N/PEaX18pi9OA==}
    engines: {node: '>= 10'}
    cpu: [arm64]
    os: [linux]

  '@next/swc-linux-x64-gnu@14.2.5':
    resolution: {integrity: sha512-8XFikMSxWleYNryWIjiCX+gU201YS+erTUidKdyOVYi5qUQo/gRxv/3N1oZFCgqpesN6FPeqGM72Zve+nReVXQ==}
    engines: {node: '>= 10'}
    cpu: [x64]
    os: [linux]

  '@next/swc-linux-x64-musl@14.2.5':
    resolution: {integrity: sha512-6QLwi7RaYiQDcRDSU/os40r5o06b5ue7Jsk5JgdRBGGp8l37RZEh9JsLSM8QF0YDsgcosSeHjglgqi25+m04IQ==}
    engines: {node: '>= 10'}
    cpu: [x64]
    os: [linux]

  '@next/swc-win32-arm64-msvc@14.2.5':
    resolution: {integrity: sha512-1GpG2VhbspO+aYoMOQPQiqc/tG3LzmsdBH0LhnDS3JrtDx2QmzXe0B6mSZZiN3Bq7IOMXxv1nlsjzoS1+9mzZw==}
    engines: {node: '>= 10'}
    cpu: [arm64]
    os: [win32]

  '@next/swc-win32-ia32-msvc@14.2.5':
    resolution: {integrity: sha512-Igh9ZlxwvCDsu6438FXlQTHlRno4gFpJzqPjSIBZooD22tKeI4fE/YMRoHVJHmrQ2P5YL1DoZ0qaOKkbeFWeMg==}
    engines: {node: '>= 10'}
    cpu: [ia32]
    os: [win32]

  '@next/swc-win32-x64-msvc@14.2.5':
    resolution: {integrity: sha512-tEQ7oinq1/CjSG9uSTerca3v4AZ+dFa+4Yu6ihaG8Ud8ddqLQgFGcnwYls13H5X5CPDPZJdYxyeMui6muOLd4g==}
    engines: {node: '>= 10'}
    cpu: [x64]
    os: [win32]

  '@socket.io/component-emitter@3.1.2':
    resolution: {integrity: sha512-9BCxFwvbGg/RsZK9tjXd8s4UcwR0MWeFQ1XEKIQVVvAGJyINdrqKMcTRyLoK8Rse1GjzLV9cwjWV1olXRWEXVA==}

  '@swc/counter@0.1.3':
    resolution: {integrity: sha512-e2BR4lsJkkRlKZ/qCHPw9ZaSxc0MVUd7gtbtaB7aMvHeJVYe8sOB8DBZkP2DtISHGSku9sCK6T6cnY0CtXrOCQ==}

  '@swc/helpers@0.5.5':
    resolution: {integrity: sha512-KGYxvIOXcceOAbEk4bi/dVLEK9z8sZ0uBB3Il5b1rhfClSpcX0yfRO0KmTkqR2cnQDymwLB+25ZyMzICg/cm/A==}

  '@tailwindcss/node@4.1.14':
    resolution: {integrity: sha512-hpz+8vFk3Ic2xssIA3e01R6jkmsAhvkQdXlEbRTk6S10xDAtiQiM3FyvZVGsucefq764euO/b8WUW9ysLdThHw==}

  '@tailwindcss/oxide-android-arm64@4.1.14':
    resolution: {integrity: sha512-a94ifZrGwMvbdeAxWoSuGcIl6/DOP5cdxagid7xJv6bwFp3oebp7y2ImYsnZBMTwjn5Ev5xESvS3FFYUGgPODQ==}
    engines: {node: '>= 10'}
    cpu: [arm64]
    os: [android]

  '@tailwindcss/oxide-darwin-arm64@4.1.14':
    resolution: {integrity: sha512-HkFP/CqfSh09xCnrPJA7jud7hij5ahKyWomrC3oiO2U9i0UjP17o9pJbxUN0IJ471GTQQmzwhp0DEcpbp4MZTA==}
    engines: {node: '>= 10'}
    cpu: [arm64]
    os: [darwin]

  '@tailwindcss/oxide-darwin-x64@4.1.14':
    resolution: {integrity: sha512-eVNaWmCgdLf5iv6Qd3s7JI5SEFBFRtfm6W0mphJYXgvnDEAZ5sZzqmI06bK6xo0IErDHdTA5/t7d4eTfWbWOFw==}
    engines: {node: '>= 10'}
    cpu: [x64]
    os: [darwin]

  '@tailwindcss/oxide-freebsd-x64@4.1.14':
    resolution: {integrity: sha512-QWLoRXNikEuqtNb0dhQN6wsSVVjX6dmUFzuuiL09ZeXju25dsei2uIPl71y2Ic6QbNBsB4scwBoFnlBfabHkEw==}
    engines: {node: '>= 10'}
    cpu: [x64]
    os: [freebsd]

  '@tailwindcss/oxide-linux-arm-gnueabihf@4.1.14':
    resolution: {integrity: sha512-VB4gjQni9+F0VCASU+L8zSIyjrLLsy03sjcR3bM0V2g4SNamo0FakZFKyUQ96ZVwGK4CaJsc9zd/obQy74o0Fw==}
    engines: {node: '>= 10'}
    cpu: [arm]
    os: [linux]

  '@tailwindcss/oxide-linux-arm64-gnu@4.1.14':
    resolution: {integrity: sha512-qaEy0dIZ6d9vyLnmeg24yzA8XuEAD9WjpM5nIM1sUgQ/Zv7cVkharPDQcmm/t/TvXoKo/0knI3me3AGfdx6w1w==}
    engines: {node: '>= 10'}
    cpu: [arm64]
    os: [linux]

  '@tailwindcss/oxide-linux-arm64-musl@4.1.14':
    resolution: {integrity: sha512-ISZjT44s59O8xKsPEIesiIydMG/sCXoMBCqsphDm/WcbnuWLxxb+GcvSIIA5NjUw6F8Tex7s5/LM2yDy8RqYBQ==}
    engines: {node: '>= 10'}
    cpu: [arm64]
    os: [linux]

  '@tailwindcss/oxide-linux-x64-gnu@4.1.14':
    resolution: {integrity: sha512-02c6JhLPJj10L2caH4U0zF8Hji4dOeahmuMl23stk0MU1wfd1OraE7rOloidSF8W5JTHkFdVo/O7uRUJJnUAJg==}
    engines: {node: '>= 10'}
    cpu: [x64]
    os: [linux]

  '@tailwindcss/oxide-linux-x64-musl@4.1.14':
    resolution: {integrity: sha512-TNGeLiN1XS66kQhxHG/7wMeQDOoL0S33x9BgmydbrWAb9Qw0KYdd8o1ifx4HOGDWhVmJ+Ul+JQ7lyknQFilO3Q==}
    engines: {node: '>= 10'}
    cpu: [x64]
    os: [linux]

  '@tailwindcss/oxide-wasm32-wasi@4.1.14':
    resolution: {integrity: sha512-uZYAsaW/jS/IYkd6EWPJKW/NlPNSkWkBlaeVBi/WsFQNP05/bzkebUL8FH1pdsqx4f2fH/bWFcUABOM9nfiJkQ==}
    engines: {node: '>=14.0.0'}
    cpu: [wasm32]
    bundledDependencies:
      - '@napi-rs/wasm-runtime'
      - '@emnapi/core'
      - '@emnapi/runtime'
      - '@tybys/wasm-util'
      - '@emnapi/wasi-threads'
      - tslib

  '@tailwindcss/oxide-win32-arm64-msvc@4.1.14':
    resolution: {integrity: sha512-Az0RnnkcvRqsuoLH2Z4n3JfAef0wElgzHD5Aky/e+0tBUxUhIeIqFBTMNQvmMRSP15fWwmvjBxZ3Q8RhsDnxAA==}
    engines: {node: '>= 10'}
    cpu: [arm64]
    os: [win32]

  '@tailwindcss/oxide-win32-x64-msvc@4.1.14':
    resolution: {integrity: sha512-ttblVGHgf68kEE4om1n/n44I0yGPkCPbLsqzjvybhpwa6mKKtgFfAzy6btc3HRmuW7nHe0OOrSeNP9sQmmH9XA==}
    engines: {node: '>= 10'}
    cpu: [x64]
    os: [win32]

  '@tailwindcss/oxide@4.1.14':
    resolution: {integrity: sha512-23yx+VUbBwCg2x5XWdB8+1lkPajzLmALEfMb51zZUBYaYVPDQvBSD/WYDqiVyBIo2BZFa3yw1Rpy3G2Jp+K0dw==}
    engines: {node: '>= 10'}

  '@tailwindcss/postcss@4.1.14':
    resolution: {integrity: sha512-BdMjIxy7HUNThK87C7BC8I1rE8BVUsfNQSI5siQ4JK3iIa3w0XyVvVL9SXLWO//CtYTcp1v7zci0fYwJOjB+Zg==}

  '@types/node@20.19.21':
    resolution: {integrity: sha512-CsGG2P3I5y48RPMfprQGfy4JPRZ6csfC3ltBZSRItG3ngggmNY/qs2uZKp4p9VbrpqNNSMzUZNFZKzgOGnd/VA==}

  '@types/prop-types@15.7.15':
    resolution: {integrity: sha512-F6bEyamV9jKGAFBEmlQnesRPGOQqS2+Uwi0Em15xenOxHaf2hv6L8YCVn3rPdPJOiJfPiCnLIRyvwVaqMY3MIw==}

  '@types/react-dom@18.3.7':
    resolution: {integrity: sha512-MEe3UeoENYVFXzoXEWsvcpg6ZvlrFNlOQ7EOsvhI3CfAXwzPfO8Qwuxd40nepsYKqyyVQnTdEfv68q91yLcKrQ==}
    peerDependencies:
      '@types/react': ^18.0.0

  '@types/react@18.3.26':
    resolution: {integrity: sha512-RFA/bURkcKzx/X9oumPG9Vp3D3JUgus/d0b67KB0t5S/raciymilkOa66olh78MUI92QLbEJevO7rvqU/kjwKA==}

  autoprefixer@10.4.21:
    resolution: {integrity: sha512-O+A6LWV5LDHSJD3LjHYoNi4VLsj/Whi7k6zG12xTYaU4cQ8oxQGckXNX8cRHK5yOZ/ppVHe0ZBXGzSV9jXdVbQ==}
    engines: {node: ^10 || ^12 || >=14}
    hasBin: true
    peerDependencies:
      postcss: ^8.1.0

  baseline-browser-mapping@2.8.17:
    resolution: {integrity: sha512-j5zJcx6golJYTG6c05LUZ3Z8Gi+M62zRT/ycz4Xq4iCOdpcxwg7ngEYD4KA0eWZC7U17qh/Smq8bYbACJ0ipBA==}
    hasBin: true

  browserslist@4.26.3:
    resolution: {integrity: sha512-lAUU+02RFBuCKQPj/P6NgjlbCnLBMp4UtgTx7vNHd3XSIJF87s9a5rA3aH2yw3GS9DqZAUbOtZdCCiZeVRqt0w==}
    engines: {node: ^6 || ^7 || ^8 || ^9 || ^10 || ^11 || ^12 || >=13.7}
    hasBin: true

  busboy@1.6.0:
    resolution: {integrity: sha512-8SFQbg/0hQ9xy3UNTB0YEnsNBbWfhf7RtnzpL7TkBiTBRfrQ9Fxcnz7VJsleJpyp6rVLvXiuORqjlHi5q+PYuA==}
    engines: {node: '>=10.16.0'}

  caniuse-lite@1.0.30001750:
    resolution: {integrity: sha512-cuom0g5sdX6rw00qOoLNSFCJ9/mYIsuSOA+yzpDw8eopiFqcVwQvZHqov0vmEighRxX++cfC0Vg1G+1Iy/mSpQ==}

  chownr@3.0.0:
    resolution: {integrity: sha512-+IxzY9BZOQd/XuYPRmrvEVjF/nqj5kgT4kEq7VofrDoM1MxoRjEWkrCC3EtLi59TVawxTAn+orJwFQcrqEN1+g==}
    engines: {node: '>=18'}

  client-only@0.0.1:
    resolution: {integrity: sha512-IV3Ou0jSMzZrd3pZ48nLkT9DA7Ag1pnPzaiQhpW7c3RbcqqzvzzVu+L8gfqMp/8IM2MQtSiqaCxrrcfu8I8rMA==}

  csstype@3.1.3:
    resolution: {integrity: sha512-M1uQkMl8rQK/szD0LNhtqxIPLpimGm8sOBwU7lLnCpSbTyY3yeU1Vc7l4KT5zT4s/yOxHH5O7tIuuLOCnLADRw==}

  debug@4.3.7:
    resolution: {integrity: sha512-Er2nc/H7RrMXZBFCEim6TCmMk02Z8vLC2Rbi1KEBggpo0fS6l0S1nnapwmIi3yW/+GOJap1Krg4w0Hg80oCqgQ==}
    engines: {node: '>=6.0'}
    peerDependencies:
      supports-color: '*'
    peerDependenciesMeta:
      supports-color:
        optional: true

  detect-libc@2.1.2:
    resolution: {integrity: sha512-Btj2BOOO83o3WyH59e8MgXsxEQVcarkUOpEYrubB0urwnN10yQ364rsiByU11nZlqWYZm05i/of7io4mzihBtQ==}
    engines: {node: '>=8'}

  electron-to-chromium@1.5.237:
    resolution: {integrity: sha512-icUt1NvfhGLar5lSWH3tHNzablaA5js3HVHacQimfP8ViEBOQv+L7DKEuHdbTZ0SKCO1ogTJTIL1Gwk9S6Qvcg==}

  engine.io-client@6.6.3:
    resolution: {integrity: sha512-T0iLjnyNWahNyv/lcjS2y4oE358tVS/SYQNxYXGAJ9/GLgH4VCvOQ/mhTjqU88mLZCQgiG8RIegFHYCdVC+j5w==}

  engine.io-parser@5.2.3:
    resolution: {integrity: sha512-HqD3yTBfnBxIrbnM1DoD6Pcq8NECnh8d4As1Qgh0z5Gg3jRRIqijury0CL3ghu/edArpUYiYqQiDUQBIs4np3Q==}
    engines: {node: '>=10.0.0'}

  enhanced-resolve@5.18.3:
    resolution: {integrity: sha512-d4lC8xfavMeBjzGr2vECC3fsGXziXZQyJxD868h2M/mBI3PwAuODxAkLkq5HYuvrPYcUtiLzsTo8U3PgX3Ocww==}
    engines: {node: '>=10.13.0'}

  escalade@3.2.0:
    resolution: {integrity: sha512-WUj2qlxaQtO4g6Pq5c29GTcWGDyd8itL8zTlipgECz3JesAiiOKotd8JU6otB3PACgG6xkJUyVhboMS+bje/jA==}
    engines: {node: '>=6'}

  fraction.js@4.3.7:
    resolution: {integrity: sha512-ZsDfxO51wGAXREY55a7la9LScWpwv9RxIrYABrlvOFBlH/ShPnrtsXeuUIfXKKOVicNxQ+o8JTbJvjS4M89yew==}

  graceful-fs@4.2.11:
    resolution: {integrity: sha512-RbJ5/jmFcNNCcDV5o9eTnBLJ/HszWV0P73bc+Ff4nS/rJj+YaS6IGyiOL0VoBYX+l1Wrl3k63h/KrH+nhJ0XvQ==}

  jiti@2.6.1:
    resolution: {integrity: sha512-ekilCSN1jwRvIbgeg/57YFh8qQDNbwDb9xT/qu2DAHbFFZUicIl4ygVaAvzveMhMVr3LnpSKTNnwt8PoOfmKhQ==}
    hasBin: true

  js-tokens@4.0.0:
    resolution: {integrity: sha512-RdJUflcE3cUzKiMqQgsCu06FPu9UdIJO0beYbPhHN4k6apgJtifcoCtT9bcxOpYBtpD2kCM6Sbzg4CausW/PKQ==}

  lightningcss-darwin-arm64@1.30.1:
    resolution: {integrity: sha512-c8JK7hyE65X1MHMN+Viq9n11RRC7hgin3HhYKhrMyaXflk5GVplZ60IxyoVtzILeKr+xAJwg6zK6sjTBJ0FKYQ==}
    engines: {node: '>= 12.0.0'}
    cpu: [arm64]
    os: [darwin]

  lightningcss-darwin-x64@1.30.1:
    resolution: {integrity: sha512-k1EvjakfumAQoTfcXUcHQZhSpLlkAuEkdMBsI/ivWw9hL+7FtilQc0Cy3hrx0AAQrVtQAbMI7YjCgYgvn37PzA==}
    engines: {node: '>= 12.0.0'}
    cpu: [x64]
    os: [darwin]

  lightningcss-freebsd-x64@1.30.1:
    resolution: {integrity: sha512-kmW6UGCGg2PcyUE59K5r0kWfKPAVy4SltVeut+umLCFoJ53RdCUWxcRDzO1eTaxf/7Q2H7LTquFHPL5R+Gjyig==}
    engines: {node: '>= 12.0.0'}
    cpu: [x64]
    os: [freebsd]

  lightningcss-linux-arm-gnueabihf@1.30.1:
    resolution: {integrity: sha512-MjxUShl1v8pit+6D/zSPq9S9dQ2NPFSQwGvxBCYaBYLPlCWuPh9/t1MRS8iUaR8i+a6w7aps+B4N0S1TYP/R+Q==}
    engines: {node: '>= 12.0.0'}
    cpu: [arm]
    os: [linux]

  lightningcss-linux-arm64-gnu@1.30.1:
    resolution: {integrity: sha512-gB72maP8rmrKsnKYy8XUuXi/4OctJiuQjcuqWNlJQ6jZiWqtPvqFziskH3hnajfvKB27ynbVCucKSm2rkQp4Bw==}
    engines: {node: '>= 12.0.0'}
    cpu: [arm64]
    os: [linux]

  lightningcss-linux-arm64-musl@1.30.1:
    resolution: {integrity: sha512-jmUQVx4331m6LIX+0wUhBbmMX7TCfjF5FoOH6SD1CttzuYlGNVpA7QnrmLxrsub43ClTINfGSYyHe2HWeLl5CQ==}
    engines: {node: '>= 12.0.0'}
    cpu: [arm64]
    os: [linux]

  lightningcss-linux-x64-gnu@1.30.1:
    resolution: {integrity: sha512-piWx3z4wN8J8z3+O5kO74+yr6ze/dKmPnI7vLqfSqI8bccaTGY5xiSGVIJBDd5K5BHlvVLpUB3S2YCfelyJ1bw==}
    engines: {node: '>= 12.0.0'}
    cpu: [x64]
    os: [linux]

  lightningcss-linux-x64-musl@1.30.1:
    resolution: {integrity: sha512-rRomAK7eIkL+tHY0YPxbc5Dra2gXlI63HL+v1Pdi1a3sC+tJTcFrHX+E86sulgAXeI7rSzDYhPSeHHjqFhqfeQ==}
    engines: {node: '>= 12.0.0'}
    cpu: [x64]
    os: [linux]

  lightningcss-win32-arm64-msvc@1.30.1:
    resolution: {integrity: sha512-mSL4rqPi4iXq5YVqzSsJgMVFENoa4nGTT/GjO2c0Yl9OuQfPsIfncvLrEW6RbbB24WtZ3xP/2CCmI3tNkNV4oA==}
    engines: {node: '>= 12.0.0'}
    cpu: [arm64]
    os: [win32]

  lightningcss-win32-x64-msvc@1.30.1:
    resolution: {integrity: sha512-PVqXh48wh4T53F/1CCu8PIPCxLzWyCnn/9T5W1Jpmdy5h9Cwd+0YQS6/LwhHXSafuc61/xg9Lv5OrCby6a++jg==}
    engines: {node: '>= 12.0.0'}
    cpu: [x64]
    os: [win32]

  lightningcss@1.30.1:
    resolution: {integrity: sha512-xi6IyHML+c9+Q3W0S4fCQJOym42pyurFiJUHEcEyHS0CeKzia4yZDEsLlqOFykxOdHpNy0NmvVO31vcSqAxJCg==}
    engines: {node: '>= 12.0.0'}

  loose-envify@1.4.0:
    resolution: {integrity: sha512-lyuxPGr/Wfhrlem2CL/UcnUc1zcqKAImBDzukY7Y5F/yQiNdko6+fRLevlw1HgMySw7f611UIY408EtxRSoK3Q==}
    hasBin: true

  magic-string@0.30.19:
    resolution: {integrity: sha512-2N21sPY9Ws53PZvsEpVtNuSW+ScYbQdp4b9qUaL+9QkHUrGFKo56Lg9Emg5s9V/qrtNBmiR01sYhUOwu3H+VOw==}

  minipass@7.1.2:
    resolution: {integrity: sha512-qOOzS1cBTWYF4BH8fVePDBOO9iptMnGUEZwNc/cMWnTV2nVLZ7VoNWEPHkYczZA0pdoA7dl6e7FL659nX9S2aw==}
    engines: {node: '>=16 || 14 >=14.17'}

  minizlib@3.1.0:
    resolution: {integrity: sha512-KZxYo1BUkWD2TVFLr0MQoM8vUUigWD3LlD83a/75BqC+4qE0Hb1Vo5v1FgcfaNXvfXzr+5EhQ6ing/CaBijTlw==}
    engines: {node: '>= 18'}

  ms@2.1.3:
    resolution: {integrity: sha512-6FlzubTLZG3J2a/NVCAleEhjzq5oxgHyaCU9yYXvcLsvoVaHJq/s5xXI6/XXP6tz7R9xAOtHnSO/tXtF3WRTlA==}

  nanoid@3.3.11:
    resolution: {integrity: sha512-N8SpfPUnUp1bK+PMYW8qSWdl9U+wwNWI4QKxOYDy9JAro3WMX7p2OeVRF9v+347pnakNevPmiHhNmZ2HbFA76w==}
    engines: {node: ^10 || ^12 || ^13.7 || ^14 || >=15.0.1}
    hasBin: true

  next@14.2.5:
    resolution: {integrity: sha512-0f8aRfBVL+mpzfBjYfQuLWh2WyAwtJXCRfkPF4UJ5qd2YwrHczsrSzXU4tRMV0OAxR8ZJZWPFn6uhSC56UTsLA==}
    engines: {node: '>=18.17.0'}
    hasBin: true
    peerDependencies:
      '@opentelemetry/api': ^1.1.0
      '@playwright/test': ^1.41.2
      react: ^18.2.0
      react-dom: ^18.2.0
      sass: ^1.3.0
    peerDependenciesMeta:
      '@opentelemetry/api':
        optional: true
      '@playwright/test':
        optional: true
      sass:
        optional: true

  node-releases@2.0.25:
    resolution: {integrity: sha512-4auku8B/vw5psvTiiN9j1dAOsXvMoGqJuKJcR+dTdqiXEK20mMTk1UEo3HS16LeGQsVG6+qKTPM9u/qQ2LqATA==}

  normalize-range@0.1.2:
    resolution: {integrity: sha512-bdok/XvKII3nUpklnV6P2hxtMNrCboOjAcyBuQnWEhO665FwrSNRxU+AqpsyvO6LgGYPspN+lu5CLtw4jPRKNA==}
    engines: {node: '>=0.10.0'}

  picocolors@1.1.1:
    resolution: {integrity: sha512-xceH2snhtb5M9liqDsmEw56le376mTZkEX/jEb/RxNFyegNul7eNslCXP9FDj/Lcu0X8KEyMceP2ntpaHrDEVA==}

  postcss-value-parser@4.2.0:
    resolution: {integrity: sha512-1NNCs6uurfkVbeXG4S8JFT9t19m45ICnif8zWLd5oPSZ50QnwMfK+H3jv408d4jw/7Bttv5axS5IiHoLaVNHeQ==}

  postcss@8.4.31:
    resolution: {integrity: sha512-PS08Iboia9mts/2ygV3eLpY5ghnUcfLV/EXTOW1E2qYxJKGGBUtNjN76FYHnMs36RmARn41bC0AZmn+rR0OVpQ==}
    engines: {node: ^10 || ^12 || >=14}

  postcss@8.5.6:
    resolution: {integrity: sha512-3Ybi1tAuwAP9s0r1UQ2J4n5Y0G05bJkpUIO0/bI9MhwmD70S5aTWbXGBwxHrelT+XM1k6dM0pk+SwNkpTRN7Pg==}
    engines: {node: ^10 || ^12 || >=14}

  react-dom@18.3.1:
    resolution: {integrity: sha512-5m4nQKp+rZRb09LNH59GM4BxTh9251/ylbKIbpe7TpGxfJ+9kv6BLkLBXIjjspbgbnIBNqlI23tRnTWT0snUIw==}
    peerDependencies:
      react: ^18.3.1

  react@18.3.1:
    resolution: {integrity: sha512-wS+hAgJShR0KhEvPJArfuPVN1+Hz1t0Y6n5jLrGQbkb4urgPE/0Rve+1kMB1v/oWgHgm4WIcV+i7F2pTVj+2iQ==}
    engines: {node: '>=0.10.0'}

  scheduler@0.23.2:
    resolution: {integrity: sha512-UOShsPwz7NrMUqhR6t0hWjFduvOzbtv7toDH1/hIrfRNIDBnnBWd0CwJTGvTpngVlmwGCdP9/Zl/tVrDqcuYzQ==}

  socket.io-client@4.8.1:
    resolution: {integrity: sha512-hJVXfu3E28NmzGk8o1sHhN3om52tRvwYeidbj7xKy2eIIse5IoKX3USlS6Tqt3BHAtflLIkCQBkzVrEEfWUyYQ==}
    engines: {node: '>=10.0.0'}

  socket.io-parser@4.2.4:
    resolution: {integrity: sha512-/GbIKmo8ioc+NIWIhwdecY0ge+qVBSMdgxGygevmdHj24bsfgtCmcUUcQ5ZzcylGFHsN3k4HB4Cgkl96KVnuew==}
    engines: {node: '>=10.0.0'}

  source-map-js@1.2.1:
    resolution: {integrity: sha512-UXWMKhLOwVKb728IUtQPXxfYU+usdybtUrK/8uGE8CQMvrhOpwvzDBwj0QhSL7MQc7vIsISBG8VQ8+IDQxpfQA==}
    engines: {node: '>=0.10.0'}

  streamsearch@1.1.0:
    resolution: {integrity: sha512-Mcc5wHehp9aXz1ax6bZUyY5afg9u2rv5cqQI3mRrYkGC8rW2hM02jWuwjtL++LS5qinSyhj2QfLyNsuc+VsExg==}
    engines: {node: '>=10.0.0'}

  styled-jsx@5.1.1:
    resolution: {integrity: sha512-pW7uC1l4mBZ8ugbiZrcIsiIvVx1UmTfw7UkC3Um2tmfUq9Bhk8IiyEIPl6F8agHgjzku6j0xQEZbfA5uSgSaCw==}
    engines: {node: '>= 12.0.0'}
    peerDependencies:
      '@babel/core': '*'
      babel-plugin-macros: '*'
      react: '>= 16.8.0 || 17.x.x || ^18.0.0-0'
    peerDependenciesMeta:
      '@babel/core':
        optional: true
      babel-plugin-macros:
        optional: true

  tailwindcss@4.1.14:
    resolution: {integrity: sha512-b7pCxjGO98LnxVkKjaZSDeNuljC4ueKUddjENJOADtubtdo8llTaJy7HwBMeLNSSo2N5QIAgklslK1+Ir8r6CA==}

  tapable@2.3.0:
    resolution: {integrity: sha512-g9ljZiwki/LfxmQADO3dEY1CbpmXT5Hm2fJ+QaGKwSXUylMybePR7/67YW7jOrrvjEgL1Fmz5kzyAjWVWLlucg==}
    engines: {node: '>=6'}

  tar@7.5.1:
    resolution: {integrity: sha512-nlGpxf+hv0v7GkWBK2V9spgactGOp0qvfWRxUMjqHyzrt3SgwE48DIv/FhqPHJYLHpgW1opq3nERbz5Anq7n1g==}
    engines: {node: '>=18'}

  tslib@2.8.1:
    resolution: {integrity: sha512-oJFu94HQb+KVduSUQL7wnpmqnfmLsOA/nAh6b6EH0wCEoK0/mPeXU6c3wKDV83MkOuHPRHtSXKKU99IBazS/2w==}

  typescript@5.9.3:
    resolution: {integrity: sha512-jl1vZzPDinLr9eUt3J/t7V6FgNEw9QjvBPdysz9KfQDD41fQrC2Y4vKQdiaUpFT4bXlb1RHhLpp8wtm6M5TgSw==}
    engines: {node: '>=14.17'}
    hasBin: true

  undici-types@6.21.0:
    resolution: {integrity: sha512-iwDZqg0QAGrg9Rav5H4n0M64c3mkR59cJ6wQp+7C4nI0gsmExaedaYLNO44eT4AtBBwjbTiGPMlt2Md0T9H9JQ==}

  update-browserslist-db@1.1.3:
    resolution: {integrity: sha512-UxhIZQ+QInVdunkDAaiazvvT/+fXL5Osr0JZlJulepYu6Jd7qJtDZjlur0emRlT71EN3ScPoE7gvsuIKKNavKw==}
    hasBin: true
    peerDependencies:
      browserslist: '>= 4.21.0'

  ws@8.17.1:
    resolution: {integrity: sha512-6XQFvXTkbfUOZOKKILFG1PDK2NDQs4azKQl26T0YS5CxqWLgXajbPZ+h4gZekJyRqFU8pvnbAbbs/3TgRPy+GQ==}
    engines: {node: '>=10.0.0'}
    peerDependencies:
      bufferutil: ^4.0.1
      utf-8-validate: '>=5.0.2'
    peerDependenciesMeta:
      bufferutil:
        optional: true
      utf-8-validate:
        optional: true

  xmlhttprequest-ssl@2.1.2:
    resolution: {integrity: sha512-TEU+nJVUUnA4CYJFLvK5X9AOeH4KvDvhIfm0vV1GaQRtchnG0hgK5p8hw/xjv8cunWYCsiPCSDzObPyhEwq3KQ==}
    engines: {node: '>=0.4.0'}

  yallist@5.0.0:
    resolution: {integrity: sha512-YgvUTfwqyc7UXVMrB+SImsVYSmTS8X/tSrtdNZMImM+n7+QTriRXyXim0mBrTXNeqzVF0KWGgHPeiyViFFrNDw==}
    engines: {node: '>=18'}

snapshots:

  '@alloc/quick-lru@5.2.0': {}

  '@isaacs/fs-minipass@4.0.1':
    dependencies:
      minipass: 7.1.2

  '@jridgewell/gen-mapping@0.3.13':
    dependencies:
      '@jridgewell/sourcemap-codec': 1.5.5
      '@jridgewell/trace-mapping': 0.3.31

  '@jridgewell/remapping@2.3.5':
    dependencies:
      '@jridgewell/gen-mapping': 0.3.13
      '@jridgewell/trace-mapping': 0.3.31

  '@jridgewell/resolve-uri@3.1.2': {}

  '@jridgewell/sourcemap-codec@1.5.5': {}

  '@jridgewell/trace-mapping@0.3.31':
    dependencies:
      '@jridgewell/resolve-uri': 3.1.2
      '@jridgewell/sourcemap-codec': 1.5.5

  '@next/env@14.2.5': {}

  '@next/swc-darwin-arm64@14.2.5':
    optional: true

  '@next/swc-darwin-x64@14.2.5':
    optional: true

  '@next/swc-linux-arm64-gnu@14.2.5':
    optional: true

  '@next/swc-linux-arm64-musl@14.2.5':
    optional: true

  '@next/swc-linux-x64-gnu@14.2.5':
    optional: true

  '@next/swc-linux-x64-musl@14.2.5':
    optional: true

  '@next/swc-win32-arm64-msvc@14.2.5':
    optional: true

  '@next/swc-win32-ia32-msvc@14.2.5':
    optional: true

  '@next/swc-win32-x64-msvc@14.2.5':
    optional: true

  '@socket.io/component-emitter@3.1.2': {}

  '@swc/counter@0.1.3': {}

  '@swc/helpers@0.5.5':
    dependencies:
      '@swc/counter': 0.1.3
      tslib: 2.8.1

  '@tailwindcss/node@4.1.14':
    dependencies:
      '@jridgewell/remapping': 2.3.5
      enhanced-resolve: 5.18.3
      jiti: 2.6.1
      lightningcss: 1.30.1
      magic-string: 0.30.19
      source-map-js: 1.2.1
      tailwindcss: 4.1.14

  '@tailwindcss/oxide-android-arm64@4.1.14':
    optional: true

  '@tailwindcss/oxide-darwin-arm64@4.1.14':
    optional: true

  '@tailwindcss/oxide-darwin-x64@4.1.14':
    optional: true

  '@tailwindcss/oxide-freebsd-x64@4.1.14':
    optional: true

  '@tailwindcss/oxide-linux-arm-gnueabihf@4.1.14':
    optional: true

  '@tailwindcss/oxide-linux-arm64-gnu@4.1.14':
    optional: true

  '@tailwindcss/oxide-linux-arm64-musl@4.1.14':
    optional: true

  '@tailwindcss/oxide-linux-x64-gnu@4.1.14':
    optional: true

  '@tailwindcss/oxide-linux-x64-musl@4.1.14':
    optional: true

  '@tailwindcss/oxide-wasm32-wasi@4.1.14':
    optional: true

  '@tailwindcss/oxide-win32-arm64-msvc@4.1.14':
    optional: true

  '@tailwindcss/oxide-win32-x64-msvc@4.1.14':
    optional: true

  '@tailwindcss/oxide@4.1.14':
    dependencies:
      detect-libc: 2.1.2
      tar: 7.5.1
    optionalDependencies:
      '@tailwindcss/oxide-android-arm64': 4.1.14
      '@tailwindcss/oxide-darwin-arm64': 4.1.14
      '@tailwindcss/oxide-darwin-x64': 4.1.14
      '@tailwindcss/oxide-freebsd-x64': 4.1.14
      '@tailwindcss/oxide-linux-arm-gnueabihf': 4.1.14
      '@tailwindcss/oxide-linux-arm64-gnu': 4.1.14
      '@tailwindcss/oxide-linux-arm64-musl': 4.1.14
      '@tailwindcss/oxide-linux-x64-gnu': 4.1.14
      '@tailwindcss/oxide-linux-x64-musl': 4.1.14
      '@tailwindcss/oxide-wasm32-wasi': 4.1.14
      '@tailwindcss/oxide-win32-arm64-msvc': 4.1.14
      '@tailwindcss/oxide-win32-x64-msvc': 4.1.14

  '@tailwindcss/postcss@4.1.14':
    dependencies:
      '@alloc/quick-lru': 5.2.0
      '@tailwindcss/node': 4.1.14
      '@tailwindcss/oxide': 4.1.14
      postcss: 8.5.6
      tailwindcss: 4.1.14

  '@types/node@20.19.21':
    dependencies:
      undici-types: 6.21.0

  '@types/prop-types@15.7.15': {}

  '@types/react-dom@18.3.7(@types/react@18.3.26)':
    dependencies:
      '@types/react': 18.3.26

  '@types/react@18.3.26':
    dependencies:
      '@types/prop-types': 15.7.15
      csstype: 3.1.3

  autoprefixer@10.4.21(postcss@8.5.6):
    dependencies:
      browserslist: 4.26.3
      caniuse-lite: 1.0.30001750
      fraction.js: 4.3.7
      normalize-range: 0.1.2
      picocolors: 1.1.1
      postcss: 8.5.6
      postcss-value-parser: 4.2.0

  baseline-browser-mapping@2.8.17: {}

  browserslist@4.26.3:
    dependencies:
      baseline-browser-mapping: 2.8.17
      caniuse-lite: 1.0.30001750
      electron-to-chromium: 1.5.237
      node-releases: 2.0.25
      update-browserslist-db: 1.1.3(browserslist@4.26.3)

  busboy@1.6.0:
    dependencies:
      streamsearch: 1.1.0

  caniuse-lite@1.0.30001750: {}

  chownr@3.0.0: {}

  client-only@0.0.1: {}

  csstype@3.1.3: {}

  debug@4.3.7:
    dependencies:
      ms: 2.1.3

  detect-libc@2.1.2: {}

  electron-to-chromium@1.5.237: {}

  engine.io-client@6.6.3:
    dependencies:
      '@socket.io/component-emitter': 3.1.2
      debug: 4.3.7
      engine.io-parser: 5.2.3
      ws: 8.17.1
      xmlhttprequest-ssl: 2.1.2
    transitivePeerDependencies:
      - bufferutil
      - supports-color
      - utf-8-validate

  engine.io-parser@5.2.3: {}

  enhanced-resolve@5.18.3:
    dependencies:
      graceful-fs: 4.2.11
      tapable: 2.3.0

  escalade@3.2.0: {}

  fraction.js@4.3.7: {}

  graceful-fs@4.2.11: {}

  jiti@2.6.1: {}

  js-tokens@4.0.0: {}

  lightningcss-darwin-arm64@1.30.1:
    optional: true

  lightningcss-darwin-x64@1.30.1:
    optional: true

  lightningcss-freebsd-x64@1.30.1:
    optional: true

  lightningcss-linux-arm-gnueabihf@1.30.1:
    optional: true

  lightningcss-linux-arm64-gnu@1.30.1:
    optional: true

  lightningcss-linux-arm64-musl@1.30.1:
    optional: true

  lightningcss-linux-x64-gnu@1.30.1:
    optional: true

  lightningcss-linux-x64-musl@1.30.1:
    optional: true

  lightningcss-win32-arm64-msvc@1.30.1:
    optional: true

  lightningcss-win32-x64-msvc@1.30.1:
    optional: true

  lightningcss@1.30.1:
    dependencies:
      detect-libc: 2.1.2
    optionalDependencies:
      lightningcss-darwin-arm64: 1.30.1
      lightningcss-darwin-x64: 1.30.1
      lightningcss-freebsd-x64: 1.30.1
      lightningcss-linux-arm-gnueabihf: 1.30.1
      lightningcss-linux-arm64-gnu: 1.30.1
      lightningcss-linux-arm64-musl: 1.30.1
      lightningcss-linux-x64-gnu: 1.30.1
      lightningcss-linux-x64-musl: 1.30.1
      lightningcss-win32-arm64-msvc: 1.30.1
      lightningcss-win32-x64-msvc: 1.30.1

  loose-envify@1.4.0:
    dependencies:
      js-tokens: 4.0.0

  magic-string@0.30.19:
    dependencies:
      '@jridgewell/sourcemap-codec': 1.5.5

  minipass@7.1.2: {}

  minizlib@3.1.0:
    dependencies:
      minipass: 7.1.2

  ms@2.1.3: {}

  nanoid@3.3.11: {}

  next@14.2.5(react-dom@18.3.1(react@18.3.1))(react@18.3.1):
    dependencies:
      '@next/env': 14.2.5
      '@swc/helpers': 0.5.5
      busboy: 1.6.0
      caniuse-lite: 1.0.30001750
      graceful-fs: 4.2.11
      postcss: 8.4.31
      react: 18.3.1
      react-dom: 18.3.1(react@18.3.1)
      styled-jsx: 5.1.1(react@18.3.1)
    optionalDependencies:
      '@next/swc-darwin-arm64': 14.2.5
      '@next/swc-darwin-x64': 14.2.5
      '@next/swc-linux-arm64-gnu': 14.2.5
      '@next/swc-linux-arm64-musl': 14.2.5
      '@next/swc-linux-x64-gnu': 14.2.5
      '@next/swc-linux-x64-musl': 14.2.5
      '@next/swc-win32-arm64-msvc': 14.2.5
      '@next/swc-win32-ia32-msvc': 14.2.5
      '@next/swc-win32-x64-msvc': 14.2.5
    transitivePeerDependencies:
      - '@babel/core'
      - babel-plugin-macros

  node-releases@2.0.25: {}

  normalize-range@0.1.2: {}

  picocolors@1.1.1: {}

  postcss-value-parser@4.2.0: {}

  postcss@8.4.31:
    dependencies:
      nanoid: 3.3.11
      picocolors: 1.1.1
      source-map-js: 1.2.1

  postcss@8.5.6:
    dependencies:
      nanoid: 3.3.11
      picocolors: 1.1.1
      source-map-js: 1.2.1

  react-dom@18.3.1(react@18.3.1):
    dependencies:
      loose-envify: 1.4.0
      react: 18.3.1
      scheduler: 0.23.2

  react@18.3.1:
    dependencies:
      loose-envify: 1.4.0

  scheduler@0.23.2:
    dependencies:
      loose-envify: 1.4.0

  socket.io-client@4.8.1:
    dependencies:
      '@socket.io/component-emitter': 3.1.2
      debug: 4.3.7
      engine.io-client: 6.6.3
      socket.io-parser: 4.2.4
    transitivePeerDependencies:
      - bufferutil
      - supports-color
      - utf-8-validate

  socket.io-parser@4.2.4:
    dependencies:
      '@socket.io/component-emitter': 3.1.2
      debug: 4.3.7
    transitivePeerDependencies:
      - supports-color

  source-map-js@1.2.1: {}

  streamsearch@1.1.0: {}

  styled-jsx@5.1.1(react@18.3.1):
    dependencies:
      client-only: 0.0.1
      react: 18.3.1

  tailwindcss@4.1.14: {}

  tapable@2.3.0: {}

  tar@7.5.1:
    dependencies:
      '@isaacs/fs-minipass': 4.0.1
      chownr: 3.0.0
      minipass: 7.1.2
      minizlib: 3.1.0
      yallist: 5.0.0

  tslib@2.8.1: {}

  typescript@5.9.3: {}

  undici-types@6.21.0: {}

  update-browserslist-db@1.1.3(browserslist@4.26.3):
    dependencies:
      browserslist: 4.26.3
      escalade: 3.2.0
      picocolors: 1.1.1

  ws@8.17.1: {}

  xmlhttprequest-ssl@2.1.2: {}

  yallist@5.0.0: {}
